
Microsoft Visual Studio Solution File, Format Version 12.00
# Visual Studio 14
VisualStudioVersion = 14.0.25420.1
MinimumVisualStudioVersion = 10.0.40219.1
Project("{FAE04EC0-301F-11D3-BF4B-00C04F79EFBC}") = "MoviesApp.AppTier.Facade", "MoviesApp\MoviesApp.AppTier.Facade.csproj", "{B50312D0-45CF-455B-B502-E6B5D413500D}"
EndProject
Project("{FAE04EC0-301F-11D3-BF4B-00C04F79EFBC}") = "MoviesApp.Models", "MoviesApp.Models\MoviesApp.Models.csproj", "{74C12D51-06F7-4209-894D-040EC1E4E271}"
EndProject
Project("{FAE04EC0-301F-11D3-BF4B-00C04F79EFBC}") = "MoviesApp.BizTier.Core", "MoviesApp.BizTier\MoviesApp.BizTier.Core.csproj", "{DD35185C-5CEF-4A0B-9637-4A3580F5A772}"
EndProject
Project("{FAE04EC0-301F-11D3-BF4B-00C04F79EFBC}") = "MoviesApp.DataTier.Bridge", "MoviesApp.DataTier\MoviesApp.DataTier.Bridge.csproj", "{F41E4009-0E11-48CE-9395-0EA9BBB40001}"
EndProject
Project("{00D1A9C2-B5F0-4AF3-8072-F6C62B433612}") = "MoviesApp.Database", "MoviesApp.Database\MoviesApp.Database.sqlproj", "{08C47A98-0462-4D88-97C7-19314FDC032C}"
EndProject
Project("{2150E333-8FDC-42A3-9474-1A3956D46DE8}") = "AppTier", "AppTier", "{2DED4312-836A-4F35-B16E-4863503F2532}"
EndProject
Project("{2150E333-8FDC-42A3-9474-1A3956D46DE8}") = "BizTier", "BizTier", "{CA92F1D0-9E3F-4A10-A1C0-38B3792A65D1}"
EndProject
Project("{2150E333-8FDC-42A3-9474-1A3956D46DE8}") = "DataTier", "DataTier", "{09939DD6-B320-4A74-9140-60164B7F956F}"
EndProject
Project("{FAE04EC0-301F-11D3-BF4B-00C04F79EFBC}") = "MoviesApp.DataTier.Tests", "MoviesApp.Tests\MoviesApp.DataTier.Tests.csproj", "{72EEF155-7F8C-442E-9B11-85BB1C936A6C}"
EndProject
Project("{FAE04EC0-301F-11D3-BF4B-00C04F79EFBC}") = "MoviesApp.AppTier.Tests", "MoviesApp.AppTier.Tests\MoviesApp.AppTier.Tests.csproj", "{446405B6-C20A-45C5-BCEE-ABBEB35877A7}"
EndProject
Project("{FAE04EC0-301F-11D3-BF4B-00C04F79EFBC}") = "MoviesApp.BizTier.Tests", "MoviesApp.BizTier.Tests\MoviesApp.BizTier.Tests.csproj", "{8858BDA3-9420-4311-982A-199AA1BA698E}"
EndProject
Project("{FAE04EC0-301F-11D3-BF4B-00C04F79EFBC}") = "MoviesApp.BizTier.Facade", "MoviesApp.BizTier.Facade\MoviesApp.BizTier.Facade.csproj", "{8CD5BDB5-FAC1-46B1-B6F2-BFFC3EF0FDF5}"
EndProject
Project("{FAE04EC0-301F-11D3-BF4B-00C04F79EFBC}") = "MoviesApp.DataTier.Facade", "MoviesApp.DataTier.Facade\MoviesApp.DataTier.Facade.csproj", "{3DF27BF8-4702-4553-9342-95C70600FB15}"
EndProject
Project("{FAE04EC0-301F-11D3-BF4B-00C04F79EFBC}") = "MoviesApp.AppTier.Bridge", "MoviesApp.AppTier.Bridge\MoviesApp.AppTier.Bridge.csproj", "{3DF3DD07-F77D-4C61-80C0-2230B8BD8304}"
	ProjectSection(ProjectDependencies) = postProject
		{8CD5BDB5-FAC1-46B1-B6F2-BFFC3EF0FDF5} = {8CD5BDB5-FAC1-46B1-B6F2-BFFC3EF0FDF5}
	EndProjectSection
EndProject
Project("{FAE04EC0-301F-11D3-BF4B-00C04F79EFBC}") = "MoviesApp.BizTier.Bridge", "MoviesApp.BizTier.Bridge\MoviesApp.BizTier.Bridge.csproj", "{DDE58982-2FA2-49C3-A75B-C0E5C2A63F86}"
	ProjectSection(ProjectDependencies) = postProject
		{3DF27BF8-4702-4553-9342-95C70600FB15} = {3DF27BF8-4702-4553-9342-95C70600FB15}
	EndProjectSection
EndProject
Project("{FAE04EC0-301F-11D3-BF4B-00C04F79EFBC}") = "MoviesApp.AppTier.Website", "MoviesApp.AppTier.Website\MoviesApp.AppTier.Website.csproj", "{20E56A14-285A-4BF3-B799-8916B2B6E741}"
EndProject
Global
	GlobalSection(SolutionConfigurationPlatforms) = preSolution
		Debug|Any CPU = Debug|Any CPU
		Release|Any CPU = Release|Any CPU
	EndGlobalSection
	GlobalSection(ProjectConfigurationPlatforms) = postSolution
		{B50312D0-45CF-455B-B502-E6B5D413500D}.Debug|Any CPU.ActiveCfg = Debug|Any CPU
		{B50312D0-45CF-455B-B502-E6B5D413500D}.Debug|Any CPU.Build.0 = Debug|Any CPU
		{B50312D0-45CF-455B-B502-E6B5D413500D}.Release|Any CPU.ActiveCfg = Release|Any CPU
		{B50312D0-45CF-455B-B502-E6B5D413500D}.Release|Any CPU.Build.0 = Release|Any CPU
		{74C12D51-06F7-4209-894D-040EC1E4E271}.Debug|Any CPU.ActiveCfg = Debug|Any CPU
		{74C12D51-06F7-4209-894D-040EC1E4E271}.Debug|Any CPU.Build.0 = Debug|Any CPU
		{74C12D51-06F7-4209-894D-040EC1E4E271}.Release|Any CPU.ActiveCfg = Release|Any CPU
		{74C12D51-06F7-4209-894D-040EC1E4E271}.Release|Any CPU.Build.0 = Release|Any CPU
		{DD35185C-5CEF-4A0B-9637-4A3580F5A772}.Debug|Any CPU.ActiveCfg = Debug|Any CPU
		{DD35185C-5CEF-4A0B-9637-4A3580F5A772}.Debug|Any CPU.Build.0 = Debug|Any CPU
		{DD35185C-5CEF-4A0B-9637-4A3580F5A772}.Release|Any CPU.ActiveCfg = Release|Any CPU
		{DD35185C-5CEF-4A0B-9637-4A3580F5A772}.Release|Any CPU.Build.0 = Release|Any CPU
		{F41E4009-0E11-48CE-9395-0EA9BBB40001}.Debug|Any CPU.ActiveCfg = Debug|Any CPU
		{F41E4009-0E11-48CE-9395-0EA9BBB40001}.Debug|Any CPU.Build.0 = Debug|Any CPU
		{F41E4009-0E11-48CE-9395-0EA9BBB40001}.Release|Any CPU.ActiveCfg = Release|Any CPU
		{F41E4009-0E11-48CE-9395-0EA9BBB40001}.Release|Any CPU.Build.0 = Release|Any CPU
		{08C47A98-0462-4D88-97C7-19314FDC032C}.Debug|Any CPU.ActiveCfg = Debug|Any CPU
		{08C47A98-0462-4D88-97C7-19314FDC032C}.Debug|Any CPU.Build.0 = Debug|Any CPU
		{08C47A98-0462-4D88-97C7-19314FDC032C}.Debug|Any CPU.Deploy.0 = Debug|Any CPU
		{08C47A98-0462-4D88-97C7-19314FDC032C}.Release|Any CPU.ActiveCfg = Release|Any CPU
		{08C47A98-0462-4D88-97C7-19314FDC032C}.Release|Any CPU.Build.0 = Release|Any CPU
		{08C47A98-0462-4D88-97C7-19314FDC032C}.Release|Any CPU.Deploy.0 = Release|Any CPU
		{72EEF155-7F8C-442E-9B11-85BB1C936A6C}.Debug|Any CPU.ActiveCfg = Debug|Any CPU
		{72EEF155-7F8C-442E-9B11-85BB1C936A6C}.Debug|Any CPU.Build.0 = Debug|Any CPU
		{72EEF155-7F8C-442E-9B11-85BB1C936A6C}.Release|Any CPU.ActiveCfg = Release|Any CPU
		{72EEF155-7F8C-442E-9B11-85BB1C936A6C}.Release|Any CPU.Build.0 = Release|Any CPU
		{446405B6-C20A-45C5-BCEE-ABBEB35877A7}.Debug|Any CPU.ActiveCfg = Debug|Any CPU
		{446405B6-C20A-45C5-BCEE-ABBEB35877A7}.Debug|Any CPU.Build.0 = Debug|Any CPU
		{446405B6-C20A-45C5-BCEE-ABBEB35877A7}.Release|Any CPU.ActiveCfg = Release|Any CPU
		{446405B6-C20A-45C5-BCEE-ABBEB35877A7}.Release|Any CPU.Build.0 = Release|Any CPU
		{8858BDA3-9420-4311-982A-199AA1BA698E}.Debug|Any CPU.ActiveCfg = Debug|Any CPU
		{8858BDA3-9420-4311-982A-199AA1BA698E}.Debug|Any CPU.Build.0 = Debug|Any CPU
		{8858BDA3-9420-4311-982A-199AA1BA698E}.Release|Any CPU.ActiveCfg = Release|Any CPU
		{8858BDA3-9420-4311-982A-199AA1BA698E}.Release|Any CPU.Build.0 = Release|Any CPU
		{8CD5BDB5-FAC1-46B1-B6F2-BFFC3EF0FDF5}.Debug|Any CPU.ActiveCfg = Debug|Any CPU
		{8CD5BDB5-FAC1-46B1-B6F2-BFFC3EF0FDF5}.Debug|Any CPU.Build.0 = Debug|Any CPU
		{8CD5BDB5-FAC1-46B1-B6F2-BFFC3EF0FDF5}.Release|Any CPU.ActiveCfg = Release|Any CPU
		{8CD5BDB5-FAC1-46B1-B6F2-BFFC3EF0FDF5}.Release|Any CPU.Build.0 = Release|Any CPU
		{3DF27BF8-4702-4553-9342-95C70600FB15}.Debug|Any CPU.ActiveCfg = Debug|Any CPU
		{3DF27BF8-4702-4553-9342-95C70600FB15}.Debug|Any CPU.Build.0 = Debug|Any CPU
		{3DF27BF8-4702-4553-9342-95C70600FB15}.Release|Any CPU.ActiveCfg = Release|Any CPU
		{3DF27BF8-4702-4553-9342-95C70600FB15}.Release|Any CPU.Build.0 = Release|Any CPU
		{3DF3DD07-F77D-4C61-80C0-2230B8BD8304}.Debug|Any CPU.ActiveCfg = Debug|Any CPU
		{3DF3DD07-F77D-4C61-80C0-2230B8BD8304}.Debug|Any CPU.Build.0 = Debug|Any CPU
		{3DF3DD07-F77D-4C61-80C0-2230B8BD8304}.Release|Any CPU.ActiveCfg = Release|Any CPU
		{3DF3DD07-F77D-4C61-80C0-2230B8BD8304}.Release|Any CPU.Build.0 = Release|Any CPU
		{DDE58982-2FA2-49C3-A75B-C0E5C2A63F86}.Debug|Any CPU.ActiveCfg = Debug|Any CPU
		{DDE58982-2FA2-49C3-A75B-C0E5C2A63F86}.Debug|Any CPU.Build.0 = Debug|Any CPU
		{DDE58982-2FA2-49C3-A75B-C0E5C2A63F86}.Release|Any CPU.ActiveCfg = Release|Any CPU
		{DDE58982-2FA2-49C3-A75B-C0E5C2A63F86}.Release|Any CPU.Build.0 = Release|Any CPU
		{20E56A14-285A-4BF3-B799-8916B2B6E741}.Debug|Any CPU.ActiveCfg = Debug|Any CPU
		{20E56A14-285A-4BF3-B799-8916B2B6E741}.Debug|Any CPU.Build.0 = Debug|Any CPU
		{20E56A14-285A-4BF3-B799-8916B2B6E741}.Release|Any CPU.ActiveCfg = Release|Any CPU
		{20E56A14-285A-4BF3-B799-8916B2B6E741}.Release|Any CPU.Build.0 = Release|Any CPU
	EndGlobalSection
	GlobalSection(SolutionProperties) = preSolution
		HideSolutionNode = FALSE
	EndGlobalSection
	GlobalSection(NestedProjects) = preSolution
		{B50312D0-45CF-455B-B502-E6B5D413500D} = {2DED4312-836A-4F35-B16E-4863503F2532}
		{DD35185C-5CEF-4A0B-9637-4A3580F5A772} = {CA92F1D0-9E3F-4A10-A1C0-38B3792A65D1}
		{F41E4009-0E11-48CE-9395-0EA9BBB40001} = {09939DD6-B320-4A74-9140-60164B7F956F}
		{72EEF155-7F8C-442E-9B11-85BB1C936A6C} = {09939DD6-B320-4A74-9140-60164B7F956F}
		{446405B6-C20A-45C5-BCEE-ABBEB35877A7} = {2DED4312-836A-4F35-B16E-4863503F2532}
		{8858BDA3-9420-4311-982A-199AA1BA698E} = {CA92F1D0-9E3F-4A10-A1C0-38B3792A65D1}
		{8CD5BDB5-FAC1-46B1-B6F2-BFFC3EF0FDF5} = {CA92F1D0-9E3F-4A10-A1C0-38B3792A65D1}
		{3DF27BF8-4702-4553-9342-95C70600FB15} = {09939DD6-B320-4A74-9140-60164B7F956F}
		{3DF3DD07-F77D-4C61-80C0-2230B8BD8304} = {2DED4312-836A-4F35-B16E-4863503F2532}
		{DDE58982-2FA2-49C3-A75B-C0E5C2A63F86} = {CA92F1D0-9E3F-4A10-A1C0-38B3792A65D1}
		{20E56A14-285A-4BF3-B799-8916B2B6E741} = {2DED4312-836A-4F35-B16E-4863503F2532}
	EndGlobalSection
EndGlobal
